{
  "originHash" : "663425827aad00e7ef514b7c0deee78040b2c31aeb9237d1724b3f699ff9e9f8",
  "pins" : [
    {
      "identity" : "swift-secp256k1",
      "kind" : "remoteSourceControl",
      "location" : "https://github.com/21-DOT-DEV/swift-secp256k1",
      "state" : {
        "revision" : "e70a10e036a55fffea31568f0af92d69b6d449cd",
        "version" : "0.23.2"
      }
    },
    {
      "identity" : "winnow",
      "kind" : "remoteSourceControl",
      "location" : "https://github.com/winnowwallet/winnow",
      "state" : {
        "revision" : "6a9ff4c3cd94711d2273de320a8c0e8173209ec3"
      }
    }
  ],
  "version" : 3
}
