{
  "originHash" : "6311872823cc3f5c430d265de73b3c9abbe82c1e66ee62b4fae185d3cc4f6ec1",
  "pins" : [
    {
      "identity" : "swift-secp256k1",
      "kind" : "remoteSourceControl",
      "location" : "https://github.com/21-DOT-DEV/swift-secp256k1",
      "state" : {
        "revision" : "e70a10e036a55fffea31568f0af92d69b6d449cd",
        "version" : "0.23.2"
      }
    },
    {
      "identity" : "winnow",
      "kind" : "remoteSourceControl",
      "location" : "https://github.com/winnowwallet/winnow",
      "state" : {
        "revision" : "06de8f92b27947df56b0dc3a9d699fef995063d3"
      }
    }
  ],
  "version" : 3
}
