{
  "originHash" : "3f84937e796462469103c38d217dfa3e5aae1b406745d54b5cda4541dc88c31a",
  "pins" : [
    {
      "identity" : "swift-secp256k1",
      "kind" : "remoteSourceControl",
      "location" : "https://github.com/21-DOT-DEV/swift-secp256k1",
      "state" : {
        "revision" : "e70a10e036a55fffea31568f0af92d69b6d449cd",
        "version" : "0.23.2"
      }
    },
    {
      "identity" : "winnow",
      "kind" : "remoteSourceControl",
      "location" : "https://github.com/winnowwallet/winnow",
      "state" : {
        "revision" : "13db07a9017088db9ca51852c0d55c08de7891d9"
      }
    }
  ],
  "version" : 3
}
